
Microsoft Visual Studio Solution File, Format Version 12.00
# Visual Studio 15
VisualStudioVersion = 15.0.28307.1022
MinimumVisualStudioVersion = 10.0.40219.1
Project("{8BC9CEB8-8B4A-11D0-8D11-00A0C91BC942}") = "Imagemorphology", "Imagemorphology\Imagemorphology.vcxproj", "{783B3958-0024-4EFA-9EC6-0E8EF4220305}"
EndProject
Project("{8BC9CEB8-8B4A-11D0-8D11-00A0C91BC942}") = "two", "two\two.vcxproj", "{EC0EF132-BD5E-46E0-BFD4-599CAC5BA80A}"
EndProject
Project("{8BC9CEB8-8B4A-11D0-8D11-00A0C91BC942}") = "th", "th\th.vcxproj", "{70393191-0CC7-400A-AB5D-AE7D88CD649B}"
EndProject
Global
	GlobalSection(SolutionConfigurationPlatforms) = preSolution
		Debug|x64 = Debug|x64
		Debug|x86 = Debug|x86
		Release|x64 = Release|x64
		Release|x86 = Release|x86
	EndGlobalSection
	GlobalSection(ProjectConfigurationPlatforms) = postSolution
		{783B3958-0024-4EFA-9EC6-0E8EF4220305}.Debug|x64.ActiveCfg = Debug|x64
		{783B3958-0024-4EFA-9EC6-0E8EF4220305}.Debug|x64.Build.0 = Debug|x64
		{783B3958-0024-4EFA-9EC6-0E8EF4220305}.Debug|x86.ActiveCfg = Debug|Win32
		{783B3958-0024-4EFA-9EC6-0E8EF4220305}.Debug|x86.Build.0 = Debug|Win32
		{783B3958-0024-4EFA-9EC6-0E8EF4220305}.Release|x64.ActiveCfg = Release|x64
		{783B3958-0024-4EFA-9EC6-0E8EF4220305}.Release|x64.Build.0 = Release|x64
		{783B3958-0024-4EFA-9EC6-0E8EF4220305}.Release|x86.ActiveCfg = Release|Win32
		{783B3958-0024-4EFA-9EC6-0E8EF4220305}.Release|x86.Build.0 = Release|Win32
		{EC0EF132-BD5E-46E0-BFD4-599CAC5BA80A}.Debug|x64.ActiveCfg = Debug|x64
		{EC0EF132-BD5E-46E0-BFD4-599CAC5BA80A}.Debug|x64.Build.0 = Debug|x64
		{EC0EF132-BD5E-46E0-BFD4-599CAC5BA80A}.Debug|x86.ActiveCfg = Debug|Win32
		{EC0EF132-BD5E-46E0-BFD4-599CAC5BA80A}.Debug|x86.Build.0 = Debug|Win32
		{EC0EF132-BD5E-46E0-BFD4-599CAC5BA80A}.Release|x64.ActiveCfg = Release|x64
		{EC0EF132-BD5E-46E0-BFD4-599CAC5BA80A}.Release|x64.Build.0 = Release|x64
		{EC0EF132-BD5E-46E0-BFD4-599CAC5BA80A}.Release|x86.ActiveCfg = Release|Win32
		{EC0EF132-BD5E-46E0-BFD4-599CAC5BA80A}.Release|x86.Build.0 = Release|Win32
		{70393191-0CC7-400A-AB5D-AE7D88CD649B}.Debug|x64.ActiveCfg = Debug|x64
		{70393191-0CC7-400A-AB5D-AE7D88CD649B}.Debug|x64.Build.0 = Debug|x64
		{70393191-0CC7-400A-AB5D-AE7D88CD649B}.Debug|x86.ActiveCfg = Debug|Win32
		{70393191-0CC7-400A-AB5D-AE7D88CD649B}.Debug|x86.Build.0 = Debug|Win32
		{70393191-0CC7-400A-AB5D-AE7D88CD649B}.Release|x64.ActiveCfg = Release|x64
		{70393191-0CC7-400A-AB5D-AE7D88CD649B}.Release|x64.Build.0 = Release|x64
		{70393191-0CC7-400A-AB5D-AE7D88CD649B}.Release|x86.ActiveCfg = Release|Win32
		{70393191-0CC7-400A-AB5D-AE7D88CD649B}.Release|x86.Build.0 = Release|Win32
	EndGlobalSection
	GlobalSection(SolutionProperties) = preSolution
		HideSolutionNode = FALSE
	EndGlobalSection
	GlobalSection(ExtensibilityGlobals) = postSolution
		SolutionGuid = {B0D2F890-0589-4C1C-923A-3EB727FC2F41}
	EndGlobalSection
EndGlobal
